# This file is generated by running "yarn install" inside your project.
# Manual changes might be lost - proceed with caution!

__metadata:
  version: 4
  cacheKey: 7

"@babel/code-frame@npm:^7.18.6":
  version: 7.18.6
  resolution: "@babel/code-frame@npm:7.18.6"
  dependencies:
    "@babel/highlight": ^7.18.6
  checksum: 7bc86ea4d6bf6792f0f5629b1a7addbb8e3160a39c03becffe62ac1f49482ab820eb74143427b877e087c6a28feda697487f0e84e6bdb3ab6aa54976ca5ac5e3
  languageName: node
  linkType: hard

"@babel/generator@npm:^7.20.1":
  version: 7.20.3
  resolution: "@babel/generator@npm:7.20.3"
  dependencies:
    "@babel/types": ^7.20.2
    "@jridgewell/gen-mapping": ^0.3.2
    jsesc: ^2.5.1
  checksum: f6a6b14962fad9d084d9fd360c4b5b607c65d03b5e7b77bd63a9e2ee2692312f7d63214239b094b2b11eaccc97dc5b01ca3d8f866c9f5a4cced8913d1d7d80fa
  languageName: node
  linkType: hard

"@babel/helper-annotate-as-pure@npm:^7.16.0":
  version: 7.18.6
  resolution: "@babel/helper-annotate-as-pure@npm:7.18.6"
  dependencies:
    "@babel/types": ^7.18.6
  checksum: 4b4807ba0bbc15fc06d5fda53ade6bf06b3652f0cc26573b79ce9e4601dc9f6f7697f882f0cec200d2eb185904d62b10206784e98617f2317b1ad5e20009fff4
  languageName: node
  linkType: hard

"@babel/helper-environment-visitor@npm:^7.18.9":
  version: 7.18.9
  resolution: "@babel/helper-environment-visitor@npm:7.18.9"
  checksum: b6f8963ee52b96786eb7bdc2fc7194ddf8fd13e47be7f06eddd144a1e8f91637fcaae129795be20bcde2a30abccdfc9a46bd9b253af718172941e87e1f3f5be2
  languageName: node
  linkType: hard

"@babel/helper-function-name@npm:^7.19.0":
  version: 7.19.0
  resolution: "@babel/helper-function-name@npm:7.19.0"
  dependencies:
    "@babel/template": ^7.18.10
    "@babel/types": ^7.19.0
  checksum: 28398bf89eca40ab3aea6b72f599029aa7824c9d8e1687c353569ef52c3e4befb90deb21e7b6652bdcef9915597426b56ba642c9d410633f5ff3ee46a2cd5f7b
  languageName: node
  linkType: hard

"@babel/helper-hoist-variables@npm:^7.18.6":
  version: 7.18.6
  resolution: "@babel/helper-hoist-variables@npm:7.18.6"
  dependencies:
    "@babel/types": ^7.18.6
  checksum: afb9f3a3a9745f251c68bb375c4aff7a3eef5916bdaaf3f22b381aeafaa2dba7177607b595ce22558135023e0185f43f02f86efa292f5c388e33f58a8888cea5
  languageName: node
  linkType: hard

"@babel/helper-module-imports@npm:^7.0.0, @babel/helper-module-imports@npm:^7.16.0":
  version: 7.18.6
  resolution: "@babel/helper-module-imports@npm:7.18.6"
  dependencies:
    "@babel/types": ^7.18.6
  checksum: 1f2c66c1653102d20dcc79aa56116e2ba11856f230f7b2b8fc43e2714e68683007c41b32591895400e3c8cc7eb04679bc40cbdc8f120053a7914d3c778eb9051
  languageName: node
  linkType: hard

"@babel/helper-split-export-declaration@npm:^7.18.6":
  version: 7.18.6
  resolution: "@babel/helper-split-export-declaration@npm:7.18.6"
  dependencies:
    "@babel/types": ^7.18.6
  checksum: 7d189c3998cbcc22a138e573b61f081877b4941e539fdc2fd2d73caa0ce1a9a7b1bdc2749d8d9ae3f81abf4aaaed9a87245a26f507d97489011848c0e5821e6a
  languageName: node
  linkType: hard

"@babel/helper-string-parser@npm:^7.19.4":
  version: 7.19.4
  resolution: "@babel/helper-string-parser@npm:7.19.4"
  checksum: e9e9747c1b1b5991a5b4f31214055bd2997d3e0cd0b0c25f249862a6a891727762d62a8d79a09e94f2eb30d56af7fa2d00f90e97d50664bc75ac3316b42e2ea7
  languageName: node
  linkType: hard

"@babel/helper-validator-identifier@npm:^7.18.6, @babel/helper-validator-identifier@npm:^7.19.1":
  version: 7.19.1
  resolution: "@babel/helper-validator-identifier@npm:7.19.1"
  checksum: 4167919e3518fdec9c8fb087b0f62d4ba86a0e983d4b8294e13f75983244bf89c06f2c0ba8abf096e122adb49ecb69702a19c9b3e6dfb2abad5d4ad49c0348ba
  languageName: node
  linkType: hard

"@babel/highlight@npm:^7.18.6":
  version: 7.18.6
  resolution: "@babel/highlight@npm:7.18.6"
  dependencies:
    "@babel/helper-validator-identifier": ^7.18.6
    chalk: ^2.0.0
    js-tokens: ^4.0.0
  checksum: 40e315e64afcdc30300368f136dd879f2bef862178e8c3f8ff69aa112ada58e77a80432f0a65ac2eb1baf26106d535d48758a3a4b8383ed2caf699d264d05496
  languageName: node
  linkType: hard

"@babel/parser@npm:^7.18.10, @babel/parser@npm:^7.20.1":
  version: 7.20.3
  resolution: "@babel/parser@npm:7.20.3"
  bin:
    parser: ./bin/babel-parser.js
  checksum: 945ad3233e2834cd63e256e5b715e35448f9514aefb6c83aac01eebbfdb9f92cd49331dfe3870cf2f9e4be131dd502d96e9935843d6c961b258d92826ac3009c
  languageName: node
  linkType: hard

"@babel/template@npm:^7.18.10":
  version: 7.18.10
  resolution: "@babel/template@npm:7.18.10"
  dependencies:
    "@babel/code-frame": ^7.18.6
    "@babel/parser": ^7.18.10
    "@babel/types": ^7.18.10
  checksum: 781d1466db304518bef456d73c341415256e959e7fdbf5547411bab3ed8fe5860ae6ba74334b1f8d347e7c63d368e339b0b23fb2198e87d744bd53561ed55a94
  languageName: node
  linkType: hard

"@babel/traverse@npm:^7.4.5":
  version: 7.20.1
  resolution: "@babel/traverse@npm:7.20.1"
  dependencies:
    "@babel/code-frame": ^7.18.6
    "@babel/generator": ^7.20.1
    "@babel/helper-environment-visitor": ^7.18.9
    "@babel/helper-function-name": ^7.19.0
    "@babel/helper-hoist-variables": ^7.18.6
    "@babel/helper-split-export-declaration": ^7.18.6
    "@babel/parser": ^7.20.1
    "@babel/types": ^7.20.0
    debug: ^4.1.0
    globals: ^11.1.0
  checksum: bb5b8d67e9ad2da785872e462fffeeba64e15d9578235da0c39c9769cc536948e440ea26ac2cc44b481ddc4ed9af6cb01c2dac88ebaf97e2609cfaf112f7d2a3
  languageName: node
  linkType: hard

"@babel/types@npm:^7.18.10, @babel/types@npm:^7.18.6, @babel/types@npm:^7.19.0, @babel/types@npm:^7.20.0, @babel/types@npm:^7.20.2, @babel/types@npm:^7.8.3":
  version: 7.20.2
  resolution: "@babel/types@npm:7.20.2"
  dependencies:
    "@babel/helper-string-parser": ^7.19.4
    "@babel/helper-validator-identifier": ^7.19.1
    to-fast-properties: ^2.0.0
  checksum: b78708f150784bca43912fe8ec514a1460b532c447fa4507f30434be845af961388ea025f7a802a35bcd8d36e85fe78dafd40f470bd70942657573185c0ce4e8
  languageName: node
  linkType: hard

"@emotion/is-prop-valid@npm:^1.1.0":
  version: 1.2.0
  resolution: "@emotion/is-prop-valid@npm:1.2.0"
  dependencies:
    "@emotion/memoize": ^0.8.0
  checksum: 69cc0022a65dba16bb13fdd427c3b86441bf94d38f28af14e9cd84014e2e2a0f26065811a1018f99ec5c8b63a8b82dadd2a6b013cf8fa367923e4c040d266079
  languageName: node
  linkType: hard

"@emotion/memoize@npm:^0.8.0":
  version: 0.8.0
  resolution: "@emotion/memoize@npm:0.8.0"
  checksum: 46729cea55302a577f4c0c41a115383d8ba0997ab0d459a480cb317ea5055c0f958bf55edef2e509c5a5cbca2d6eb5b5e01444c70e3e888288181807d33bf600
  languageName: node
  linkType: hard

"@emotion/stylis@npm:^0.8.4":
  version: 0.8.5
  resolution: "@emotion/stylis@npm:0.8.5"
  checksum: bb43a77f784cce86f7a625519544aab56b8f341117957f7dd15315398780289784bd2ec0ba1bc1b19ac639bdb304a4ed08b1f8e3e4c13e8063b9824e551b3994
  languageName: node
  linkType: hard

"@emotion/unitless@npm:^0.7.4":
  version: 0.7.5
  resolution: "@emotion/unitless@npm:0.7.5"
  checksum: 0be366ef09860037ef08aed0450cb5510f4be25886005e2f120f8e8b7385de6b41ac47df5b9bd55781e5153853e9ed5f49aa517dcbad34cc23bd8afb0201932a
  languageName: node
  linkType: hard

"@jridgewell/gen-mapping@npm:^0.3.2":
  version: 0.3.2
  resolution: "@jridgewell/gen-mapping@npm:0.3.2"
  dependencies:
    "@jridgewell/set-array": ^1.0.1
    "@jridgewell/sourcemap-codec": ^1.4.10
    "@jridgewell/trace-mapping": ^0.3.9
  checksum: 9a5cb819d4b9c88580a95cd9ef5230ba6d8774589ac4fb9d52bf06e15182f70adae88fbe05972fc9e2e4b7f5b6452f282a9b7eba66fbbc0b98f979953e33c946
  languageName: node
  linkType: hard

"@jridgewell/resolve-uri@npm:3.1.0":
  version: 3.1.0
  resolution: "@jridgewell/resolve-uri@npm:3.1.0"
  checksum: e244743192d930084e0df6ad9e8eccd243326e09d258132a65ce003db3d89cf7d572dc77b49e3141f70ca6cc21fcead158da5e41e4f85b22e29f7632c7ec8086
  languageName: node
  linkType: hard

"@jridgewell/set-array@npm:^1.0.1":
  version: 1.1.2
  resolution: "@jridgewell/set-array@npm:1.1.2"
  checksum: 1013d307699d2ccf04bcd7298e2c1f0932014cc55393ce56f9835925935a91c863e660013c5b2faed3b499518bb6c2918b1b7474112ee0122495980f36d35a22
  languageName: node
  linkType: hard

"@jridgewell/sourcemap-codec@npm:1.4.14, @jridgewell/sourcemap-codec@npm:^1.4.10":
  version: 1.4.14
  resolution: "@jridgewell/sourcemap-codec@npm:1.4.14"
  checksum: bc601cc782f385eac186a0151003e1de615b610282d294fa30840cd2382b8e657ea854bff4fe3e8e6107c81533bac0a8bd003d87eee4a7ffe839fba3a07e2969
  languageName: node
  linkType: hard

"@jridgewell/trace-mapping@npm:^0.3.9":
  version: 0.3.17
  resolution: "@jridgewell/trace-mapping@npm:0.3.17"
  dependencies:
    "@jridgewell/resolve-uri": 3.1.0
    "@jridgewell/sourcemap-codec": 1.4.14
  checksum: 6e0a7c0c3c01087aab753f8ee9fde419dcf5f20f10665726b21a26325b29e76f240683041b240d2f055ada333d82c74a49b4012731ff403ea0a7037c78586474
  languageName: node
  linkType: hard

"@next/env@npm:13.0.2":
  version: 13.0.2
  resolution: "@next/env@npm:13.0.2"
  checksum: 7f032d01a9477c8840238d915b13b60c758e23889a9f03c8d33964d6b15254d16bc96d50f4c03ffdb52941a5dd47db436705481fa79ae70545f84044b00ce900
  languageName: node
  linkType: hard

"@next/swc-android-arm-eabi@npm:13.0.2":
  version: 13.0.2
  resolution: "@next/swc-android-arm-eabi@npm:13.0.2"
  checksum: 6782e4ffb440b791c91fcccf6c3f5e11803133c636119e6ef1eba55065be7f2c538d7772815671032ffe6ec39bf903a973d2bcfcaba085e3a5f490f871cd2e2a
  languageName: node
  linkType: hard

"@next/swc-android-arm64@npm:13.0.2":
  version: 13.0.2
  resolution: "@next/swc-android-arm64@npm:13.0.2"
  checksum: c5e31127e37cbdad6d205f7431698990bf9c795a37486dd3ce2b4207859a376d88c4383022d92555b75486b803677d791fc125b4d6d6700218274540d406154b
  languageName: node
  linkType: hard

"@next/swc-darwin-arm64@npm:13.0.2":
  version: 13.0.2
  resolution: "@next/swc-darwin-arm64@npm:13.0.2"
  checksum: 40afeb10feea96ad76d431f8ea2a68acda444aa5f74b106828d265f0cc848f3f43e5e6ff5db5d51982248c35de03032681b69a97a88ef21e514cc93b3213644c
  languageName: node
  linkType: hard

"@next/swc-darwin-x64@npm:13.0.2":
  version: 13.0.2
  resolution: "@next/swc-darwin-x64@npm:13.0.2"
  checksum: 469245fc4445bca8d2e05666b94b3e513f58418acaa77467445ba75def099d4fdccf9b7c7f97aaa4ce88abe4bdf8b85608cb43d388039705df907d12f05edd17
  languageName: node
  linkType: hard

"@next/swc-freebsd-x64@npm:13.0.2":
  version: 13.0.2
  resolution: "@next/swc-freebsd-x64@npm:13.0.2"
  checksum: b0da2180d667a67e21fc9955995cafa6e97017402ea3ee88d8edb362041d53b0f08cdaffb1a069e49a50f4e10c5706042c0d33814a4ab88433fe7a2767298491
  languageName: node
  linkType: hard

"@next/swc-linux-arm-gnueabihf@npm:13.0.2":
  version: 13.0.2
  resolution: "@next/swc-linux-arm-gnueabihf@npm:13.0.2"
  checksum: 93c0bb77396afd33488e3c363184a042ff37f5e2ddc3b1b364b0244c7086a614c97bdfc73dfd61b92775f680b9e180960703c761f8f637138ee1532c0fefb067
  languageName: node
  linkType: hard

"@next/swc-linux-arm64-gnu@npm:13.0.2":
  version: 13.0.2
  resolution: "@next/swc-linux-arm64-gnu@npm:13.0.2"
  checksum: 58fbbeca792826190327263b6272679b449d5488da71061cec291427ab0aad3e8ec3bd4bc88814ab559ba446fbdd45267461dbf0bb4e1e015ebe067fe60eca14
  languageName: node
  linkType: hard

"@next/swc-linux-arm64-musl@npm:13.0.2":
  version: 13.0.2
  resolution: "@next/swc-linux-arm64-musl@npm:13.0.2"
  checksum: 21a6f2209d37529646a42a7696ba371e778fe10e7dd820fc042a6499e7236f6a481da89ec60fa8f557d5977b50203c9100b3c4ca660f75628bc550520a0ae99d
  languageName: node
  linkType: hard

"@next/swc-linux-x64-gnu@npm:13.0.2":
  version: 13.0.2
  resolution: "@next/swc-linux-x64-gnu@npm:13.0.2"
  checksum: 956e38ae8c45e9ddf92055f0d5822e2b42e0dff09e5be08fd7f57e29a5cfe39175cea182949f45f015aeb105a9222317edb5c17acd125f0c1548d511d08db004
  languageName: node
  linkType: hard

"@next/swc-linux-x64-musl@npm:13.0.2":
  version: 13.0.2
  resolution: "@next/swc-linux-x64-musl@npm:13.0.2"
  checksum: bfefb92c7bcc40f387a44408012c2d2cd84831b168f2e29cd540077474fdc1731031002b2e1e39e5c9279da23601ead54967c435c512a75eebd98c42a10b219e
  languageName: node
  linkType: hard

"@next/swc-win32-arm64-msvc@npm:13.0.2":
  version: 13.0.2
  resolution: "@next/swc-win32-arm64-msvc@npm:13.0.2"
  checksum: b3b33e2ed5e74b3f2aae50a4018c18c436bdb8597d175ef83bea695825d96d16d56cfd3f4955b8e7d4363467502050175aab68376cf9b334836025a63a7d4efc
  languageName: node
  linkType: hard

"@next/swc-win32-ia32-msvc@npm:13.0.2":
  version: 13.0.2
  resolution: "@next/swc-win32-ia32-msvc@npm:13.0.2"
  checksum: fe9b8f4e5d24d225ce8c31ce9552ec5c73df67b70d6b87132d49a62688c8f3356830f1a1a18f320108ac88195a54127864e3708479bca29e2bb2cb480efe1645
  languageName: node
  linkType: hard

"@next/swc-win32-x64-msvc@npm:13.0.2":
  version: 13.0.2
  resolution: "@next/swc-win32-x64-msvc@npm:13.0.2"
  checksum: 185898a7c42910d85e960a6b55778ae0b95cfbfa6126d9432fce52de71dde2aafe6a155ffb44f93bd12fb50039c58e8ed817ffe52ac014e4db5db3cdb3e907ad
  languageName: node
  linkType: hard

"@swc/helpers@npm:0.4.11":
  version: 0.4.11
  resolution: "@swc/helpers@npm:0.4.11"
  dependencies:
    tslib: ^2.4.0
  checksum: cd541d0e08b39663cd6192625dcb88ee6b637e37bf7ba01a7c538fbc27d8008521f85b6300b0b500a8320dc765307cdb5868ffa7e49d0de95bf0611ef614f499
  languageName: node
  linkType: hard

"Alura React@workspace:.":
  version: 0.0.0-use.local
  resolution: "Alura React@workspace:."
  dependencies:
    next: 13.0.2
    react: 18.2.0
    react-dom: 18.2.0
    react-is: ^18.2.0
    styled-components: 5.3.6
  languageName: unknown
  linkType: soft

"ansi-styles@npm:^3.2.1":
  version: 3.2.1
  resolution: "ansi-styles@npm:3.2.1"
  dependencies:
    color-convert: ^1.9.0
  checksum: 456e1c23d9277512a47718da75e7fbb0a5ee215ef893c2f76d6b3efe8fceabc861121b80b0362146f5f995d21a1633f05a19bbf6283ae66ac11dc3b9c0bed779
  languageName: node
  linkType: hard

"babel-plugin-styled-components@npm:>= 1.12.0":
  version: 2.0.7
  resolution: "babel-plugin-styled-components@npm:2.0.7"
  dependencies:
    "@babel/helper-annotate-as-pure": ^7.16.0
    "@babel/helper-module-imports": ^7.16.0
    babel-plugin-syntax-jsx: ^6.18.0
    lodash: ^4.17.11
    picomatch: ^2.3.0
  peerDependencies:
    styled-components: ">= 2"
  checksum: cf189e245fbb11b25b39712058aec069e7d739b33b74a2465e5666a1be2896486654b8bb0512ba6ea49efcff10dda4eeb6961824ee469ec910f7ba34f1362c8e
  languageName: node
  linkType: hard

"babel-plugin-syntax-jsx@npm:^6.18.0":
  version: 6.18.0
  resolution: "babel-plugin-syntax-jsx@npm:6.18.0"
  checksum: a5c8174ad6165d5f541f9f31cf4b6338ccfb7d586cec111537fa567f13b5fbdcf54f7928db44429d4610aa1be9d07bb03d017b22ba521ff819a6a2090b694797
  languageName: node
  linkType: hard

"camelize@npm:^1.0.0":
  version: 1.0.1
  resolution: "camelize@npm:1.0.1"
  checksum: 1b4ac913b0cb9d404b2d3e037f2c4649a5cf563933efa5b4025502ebb6026e1ddecbdb2b0e4760c540353ebbd49b570dca431b3748e92c3aafd94d1ff336ab27
  languageName: node
  linkType: hard

"caniuse-lite@npm:^1.0.30001406":
  version: 1.0.30001431
  resolution: "caniuse-lite@npm:1.0.30001431"
  checksum: e74a1d43fe4b5290837999b0b42849a24dd89adc3a41a7f47214bdc2e767f31b0c373762c905182c58e4b46629f25c53cd8702e1ff2b1a846ccdc57110309de8
  languageName: node
  linkType: hard

"chalk@npm:^2.0.0":
  version: 2.4.2
  resolution: "chalk@npm:2.4.2"
  dependencies:
    ansi-styles: ^3.2.1
    escape-string-regexp: ^1.0.5
    supports-color: ^5.3.0
  checksum: 22c7b7b5bc761c882bb6516454a1a671923f1c53ff972860065aa0b28a195f230163c1d46ee88bcc7a03e5539177d896457d8bc727de7f244c6e87032743038e
  languageName: node
  linkType: hard

"client-only@npm:0.0.1":
  version: 0.0.1
  resolution: "client-only@npm:0.0.1"
  checksum: 2ea58a48172e2914658d15a4f3b0e4dd26d6a6c3501387aa030526aa3a2060257c1d519e045d7059243e3134cfe64473feb712c6e608b7c8f642d54b1969c4b6
  languageName: node
  linkType: hard

"color-convert@npm:^1.9.0":
  version: 1.9.3
  resolution: "color-convert@npm:1.9.3"
  dependencies:
    color-name: 1.1.3
  checksum: 5f244daa3d1fe1f216d48878c550465067d15268688308554e613b7640a068f96588096d51f0b98b68f15d6ff6bb8ad24e172582ac8c0ad43fa4d3da60fd1b79
  languageName: node
  linkType: hard

"color-name@npm:1.1.3":
  version: 1.1.3
  resolution: "color-name@npm:1.1.3"
  checksum: d8b91bb90aefc05b6ff568cf8889566dcc6269824df6f3c9b8ca842b18d7f4d089c07dc166808d33f22092d4a79167aa56a96a5ff0d21efab548bf44614db43b
  languageName: node
  linkType: hard

"css-color-keywords@npm:^1.0.0":
  version: 1.0.0
  resolution: "css-color-keywords@npm:1.0.0"
  checksum: a820d3a6ebb826571e541c4127197ab92bbac652b6d8a875a14faff4e3a2e81b35b61083da60a471c059c1f94bb09f26cd3553aefffa3e571257ac3cd8758ce2
  languageName: node
  linkType: hard

"css-to-react-native@npm:^3.0.0":
  version: 3.0.0
  resolution: "css-to-react-native@npm:3.0.0"
  dependencies:
    camelize: ^1.0.0
    css-color-keywords: ^1.0.0
    postcss-value-parser: ^4.0.2
  checksum: d035e1a126cdec0cc52eba94c2294fae2474fdc9b8c971aa64e883f429791cc121726f7a9f390f9b593432691dd21c615c1a85c248ba5085b576e718fc6f739d
  languageName: node
  linkType: hard

"debug@npm:^4.1.0":
  version: 4.3.4
  resolution: "debug@npm:4.3.4"
  dependencies:
    ms: 2.1.2
  peerDependenciesMeta:
    supports-color:
      optional: true
  checksum: 7d71c93be25ed05e85840ec12df1a6d1848adbf8bc66948017ad4120fed17d7889e305adec560c18d70710e6de0c55548fbed170f4355045bbbbbd2afd1532a2
  languageName: node
  linkType: hard

"escape-string-regexp@npm:^1.0.5":
  version: 1.0.5
  resolution: "escape-string-regexp@npm:1.0.5"
  checksum: f9484b8b4c8827d816e0fd905c25ed4b561376a9c220e1430403ea84619bf680c76a883a48cff8b8e091daf55d6a497e37479f9787b9f15f3c421b6054289744
  languageName: node
  linkType: hard

"globals@npm:^11.1.0":
  version: 11.12.0
  resolution: "globals@npm:11.12.0"
  checksum: 2563d3306a7e646fd9ec484b0ca29bf8847d9dc6ebbe86026f11e31bda04f420f6536c2decbd4cb96350379801d2cce352ab373c40be8b024324775b31f882f9
  languageName: node
  linkType: hard

"has-flag@npm:^3.0.0":
  version: 3.0.0
  resolution: "has-flag@npm:3.0.0"
  checksum: 63aade480d27aeedb3b5b63a2e069d47d0006bf182338d662e7941cdc024e68a28418e0efa8dc5df30db9c4ee2407f39e6ea3f16cfbc6b83848b450826a28aa0
  languageName: node
  linkType: hard

"hoist-non-react-statics@npm:^3.0.0":
  version: 3.3.2
  resolution: "hoist-non-react-statics@npm:3.3.2"
  dependencies:
    react-is: ^16.7.0
  checksum: d3e3791d6e3a2741ce0ba38e878081dec49247ef22982a990c80941ee1f564ef16cd5a511bcc8c5e54f1ce8205535e0414ca5feea722c0690c80040be7ebf9df
  languageName: node
  linkType: hard

"js-tokens@npm:^3.0.0 || ^4.0.0, js-tokens@npm:^4.0.0":
  version: 4.0.0
  resolution: "js-tokens@npm:4.0.0"
  checksum: 1fc4e4667ac2d972aba65148b9cbf9c17566b2394d3504238d8492bbd3e68f496c657eab06b26b40b17db5cac0a34d153a12130e2d2d2bb6dc2cdc8a4764eb1b
  languageName: node
  linkType: hard

"jsesc@npm:^2.5.1":
  version: 2.5.2
  resolution: "jsesc@npm:2.5.2"
  bin:
    jsesc: bin/jsesc
  checksum: ca91ec33d74c55959e4b6fdbfee2af5f38be74a752cf0a982702e3a16239f26c2abbe19f5f84b15592570dda01872e929a90738615bd445f7b9b859781cfcf68
  languageName: node
  linkType: hard

"lodash@npm:^4.17.11":
  version: 4.17.21
  resolution: "lodash@npm:4.17.21"
  checksum: 4983720b9abca930a4a46f18db163d7dad8dd00dbed6db0cc7b499b33b717cce69f80928b27bbb1ff2cbd3b19d251ee90669a8b5ea466072ca81c2ebe91e7468
  languageName: node
  linkType: hard

"loose-envify@npm:^1.1.0":
  version: 1.4.0
  resolution: "loose-envify@npm:1.4.0"
  dependencies:
    js-tokens: ^3.0.0 || ^4.0.0
  bin:
    loose-envify: cli.js
  checksum: 5c3b47bbe5f597a3889fb001a3a98aaea2a3fafa48089c19034de1e0121bf57dbee609d184478514d74d5c5a7e9cfa3d846343455e5123b060040d46c39e91dc
  languageName: node
  linkType: hard

"ms@npm:2.1.2":
  version: 2.1.2
  resolution: "ms@npm:2.1.2"
  checksum: 9b65fb709bc30c0c07289dcbdb61ca032acbb9ea5698b55fa62e2cebb04c5953f1876a1f3f7f4bc2e91d4bf4d86003f3e207c3bc6ee2f716f99827e62389cd0e
  languageName: node
  linkType: hard

"nanoid@npm:^3.3.4":
  version: 3.3.4
  resolution: "nanoid@npm:3.3.4"
  bin:
    nanoid: bin/nanoid.cjs
  checksum: 88147ef3d52ded1487e4d2373697126b7b872bd5ac0d20b52a2ef780b2695d368569a2e3a6f289ef6fdf836aa8018ff2d84f5cdf8b21da8bce8766bad9e35256
  languageName: node
  linkType: hard

"next@npm:13.0.2":
  version: 13.0.2
  resolution: "next@npm:13.0.2"
  dependencies:
    "@next/env": 13.0.2
    "@next/swc-android-arm-eabi": 13.0.2
    "@next/swc-android-arm64": 13.0.2
    "@next/swc-darwin-arm64": 13.0.2
    "@next/swc-darwin-x64": 13.0.2
    "@next/swc-freebsd-x64": 13.0.2
    "@next/swc-linux-arm-gnueabihf": 13.0.2
    "@next/swc-linux-arm64-gnu": 13.0.2
    "@next/swc-linux-arm64-musl": 13.0.2
    "@next/swc-linux-x64-gnu": 13.0.2
    "@next/swc-linux-x64-musl": 13.0.2
    "@next/swc-win32-arm64-msvc": 13.0.2
    "@next/swc-win32-ia32-msvc": 13.0.2
    "@next/swc-win32-x64-msvc": 13.0.2
    "@swc/helpers": 0.4.11
    caniuse-lite: ^1.0.30001406
    postcss: 8.4.14
    styled-jsx: 5.1.0
    use-sync-external-store: 1.2.0
  peerDependencies:
    fibers: ">= 3.1.0"
    node-sass: ^6.0.0 || ^7.0.0
    react: ^18.2.0
    react-dom: ^18.2.0
    sass: ^1.3.0
  dependenciesMeta:
    "@next/swc-android-arm-eabi":
      optional: true
    "@next/swc-android-arm64":
      optional: true
    "@next/swc-darwin-arm64":
      optional: true
    "@next/swc-darwin-x64":
      optional: true
    "@next/swc-freebsd-x64":
      optional: true
    "@next/swc-linux-arm-gnueabihf":
      optional: true
    "@next/swc-linux-arm64-gnu":
      optional: true
    "@next/swc-linux-arm64-musl":
      optional: true
    "@next/swc-linux-x64-gnu":
      optional: true
    "@next/swc-linux-x64-musl":
      optional: true
    "@next/swc-win32-arm64-msvc":
      optional: true
    "@next/swc-win32-ia32-msvc":
      optional: true
    "@next/swc-win32-x64-msvc":
      optional: true
  peerDependenciesMeta:
    fibers:
      optional: true
    node-sass:
      optional: true
    sass:
      optional: true
  bin:
    next: dist/bin/next
  checksum: 3d36601bb538669a5777e7920b373d9b1b8cfd509567f2e8d037fcd293ccfcd2ecedf7ddb32712b08ccbe7b571c1eb7d99e51d5e41e96c494035e570627dab54
  languageName: node
  linkType: hard

"picocolors@npm:^1.0.0":
  version: 1.0.0
  resolution: "picocolors@npm:1.0.0"
  checksum: 6616d34dd03bde8881c63402dea34f0b5972845b04b791b234446d4a408bc3d7f932acea3970a6b671d8f5c5aae1b1ce9fc1f89b0ed9a363469cf9da8e916b71
  languageName: node
  linkType: hard

"picomatch@npm:^2.3.0":
  version: 2.3.1
  resolution: "picomatch@npm:2.3.1"
  checksum: 5e3bbbf6a7356e1f029754112803187564a81768718393782d73b8be2c7b2055316ed200e7ca989fae7a794348afbc17da93fa760930bcbfa4ab2c8abb781587
  languageName: node
  linkType: hard

"postcss-value-parser@npm:^4.0.2":
  version: 4.2.0
  resolution: "postcss-value-parser@npm:4.2.0"
  checksum: 9f66285b984e31ca84bb3acb5fa60b4b653fcc2f15188d937702e4c1d763eac6f0a9a728c95188ecdf43621097001415e71623cc5a50a4bf5270cbfc2efedc32
  languageName: node
  linkType: hard

"postcss@npm:8.4.14":
  version: 8.4.14
  resolution: "postcss@npm:8.4.14"
  dependencies:
    nanoid: ^3.3.4
    picocolors: ^1.0.0
    source-map-js: ^1.0.2
  checksum: 537ba033a691b88a334b3f89d67a6fc16cae920c86aafed30414db5c1243c1d210aec69bb0fd86795b3638c62213dd9a6108106e9b936479a5ba2bf16f49331e
  languageName: node
  linkType: hard

"react-dom@npm:18.2.0":
  version: 18.2.0
  resolution: "react-dom@npm:18.2.0"
  dependencies:
    loose-envify: ^1.1.0
    scheduler: ^0.23.0
  peerDependencies:
    react: ^18.2.0
  checksum: bfe02102c59eedc368c7102ccd9c8e4c69bba7cc566cc589bb26ceb99eca73031d1f21bbfe01e65201a387476114a5daf670d97645e568d615762929f35de9d1
  languageName: node
  linkType: hard

"react-is@npm:^16.7.0":
  version: 16.13.1
  resolution: "react-is@npm:16.13.1"
  checksum: 11bcf1267a314a522615f626f3ce3727a3a24cdbf61c4d452add3550a7875326669631326cfb1ba3e92b6f72244c32ffecf93ad21c0cad8455d3e169d0e3f060
  languageName: node
  linkType: hard

"react-is@npm:^18.2.0":
  version: 18.2.0
  resolution: "react-is@npm:18.2.0"
  checksum: ba56d25c9fb64fb0676f9613807e22fbcd8d67a3ce155621adbc7d9f5d81ce125ebd0738a2d3b9162a9d793e4787826f140fddcf0e6a0518716435f7627c6468
  languageName: node
  linkType: hard

"react@npm:18.2.0":
  version: 18.2.0
  resolution: "react@npm:18.2.0"
  dependencies:
    loose-envify: ^1.1.0
  checksum: dbb7de0b4d887dd4e4a1442753d7486db884cb41c5724a4cb40a71cb43af34a4e0d6fb160eebc22bffc614398d5143dd25852dde07e3ec4b3c2567c749d89eb8
  languageName: node
  linkType: hard

"scheduler@npm:^0.23.0":
  version: 0.23.0
  resolution: "scheduler@npm:0.23.0"
  dependencies:
    loose-envify: ^1.1.0
  checksum: 90503d55dca0e608591b8a38c3b9858438805caa198745b36b56594dd0a3ef0d5ae4b2aefaacb8b24664959dc4363dff84aa002cdfd07dfbd2dfafcf7b31b873
  languageName: node
  linkType: hard

"shallowequal@npm:^1.1.0":
  version: 1.1.0
  resolution: "shallowequal@npm:1.1.0"
  checksum: 15820dd544ce15521565c366940a46dcbe0f093c1336f6259c7b3e2490ca10135645ee262778f555d3ccc38283207f2f0a41e9a0f26888b5d5159f2904c4ac68
  languageName: node
  linkType: hard

"source-map-js@npm:^1.0.2":
  version: 1.0.2
  resolution: "source-map-js@npm:1.0.2"
  checksum: 3bb232796ad9b71bad151cb30c7fc1a2afdaf5bcfd4aa7806f56a2d4ff4824e1481e960436c5e9ec26e8c1ae129aee8107df0859c15b1ccada31a9a7ef254abc
  languageName: node
  linkType: hard

"styled-components@npm:5.3.6":
  version: 5.3.6
  resolution: "styled-components@npm:5.3.6"
  dependencies:
    "@babel/helper-module-imports": ^7.0.0
    "@babel/traverse": ^7.4.5
    "@emotion/is-prop-valid": ^1.1.0
    "@emotion/stylis": ^0.8.4
    "@emotion/unitless": ^0.7.4
    babel-plugin-styled-components: ">= 1.12.0"
    css-to-react-native: ^3.0.0
    hoist-non-react-statics: ^3.0.0
    shallowequal: ^1.1.0
    supports-color: ^5.5.0
  peerDependencies:
    react: ">= 16.8.0"
    react-dom: ">= 16.8.0"
    react-is: ">= 16.8.0"
  checksum: 7a4adee87ad1a052757033405b3ab2f2b8a78738e11936ee4a2e60a75a88adf4efffb926ac7244620d87e3ae27c51e7ee8508287ab24ef9bfcab5a1f015785e1
  languageName: node
  linkType: hard

"styled-jsx@npm:5.1.0":
  version: 5.1.0
  resolution: "styled-jsx@npm:5.1.0"
  dependencies:
    client-only: 0.0.1
  peerDependencies:
    react: ">= 16.8.0 || 17.x.x || ^18.0.0-0"
  peerDependenciesMeta:
    "@babel/core":
      optional: true
    babel-plugin-macros:
      optional: true
  checksum: a032c85eb0ea84d1f744ecce57e40ed337424c48d7bc0466b54d31dd80c81375a41cb2ae1fb302763644ef77ac80d14dbd171001a39940e899ad8a125364d5b3
  languageName: node
  linkType: hard

"supports-color@npm:^5.3.0, supports-color@npm:^5.5.0":
  version: 5.5.0
  resolution: "supports-color@npm:5.5.0"
  dependencies:
    has-flag: ^3.0.0
  checksum: edacee6425498440744c418be94b0660181aad2a1828bcf2be85c42bd385da2fd8b2b358d9b62b0c5b03ff5cd3e992458d7b8f879d9fb42f2201fe05a4848a29
  languageName: node
  linkType: hard

"to-fast-properties@npm:^2.0.0":
  version: 2.0.0
  resolution: "to-fast-properties@npm:2.0.0"
  checksum: 40e61984243b183d575a2f3a87d008bd57102115701ee9037fd673e34becf12ee90262631857410169ca82f401a662ed94482235cea8f3b8dea48b87eaabc467
  languageName: node
  linkType: hard

"tslib@npm:^2.4.0":
  version: 2.4.1
  resolution: "tslib@npm:2.4.1"
  checksum: ca5110f8b83ec98f17b39f88e96425bb028a46d5963607143a1dd89637a68c5b2866908f9ecd75e9e33f3c06a19fea1049394c5d5840ebc2ff7ec6f55b7556ca
  languageName: node
  linkType: hard

"use-sync-external-store@npm:1.2.0":
  version: 1.2.0
  resolution: "use-sync-external-store@npm:1.2.0"
  peerDependencies:
    react: ^16.8.0 || ^17.0.0 || ^18.0.0
  checksum: 013abe2a5c4886d139a0a8e2d18cfb7aba941a46b5aad5b0922a9a66c38af2b5c34446389ccb39363f97ad47ab5669b42dcd441395d7f7545821a248fb852aa6
  languageName: node
  linkType: hard
